Microsoft Visual Studio Solution File, Format Version 11.00
# Visual Studio 2008

Project("{ADAB54B5-0F5E-958A-261F-FC5C1BCFD4CA}") = "DeathReaver_V9", "Assembly-CSharp-firstpass-vs.csproj", "{1F64F6F9-7136-8E0C-A1CF-5FF77C249077}"
EndProject
Project("{ADAB54B5-0F5E-958A-261F-FC5C1BCFD4CA}") = "DeathReaver_V9", "Assembly-CSharp-vs.csproj", "{AAA02C56-B7E1-09AA-0CE1-54CCA4F04786}"
EndProject
Project("{ADAB54B5-0F5E-958A-261F-FC5C1BCFD4CA}") = "DeathReaver_V9", "Assembly-CSharp-Editor-vs.csproj", "{BB5541FE-5F54-5565-AB71-1D53523F6BED}"
EndProject
Global
	GlobalSection(SolutionConfigurationPlatforms) = preSolution
		Debug|Any CPU = Debug|Any CPU
		Release|Any CPU = Release|Any CPU
	EndGlobalSection
	GlobalSection(ProjectConfigurationPlatforms) = postSolution
		{1F64F6F9-7136-8E0C-A1CF-5FF77C249077}.Debug|Any CPU.ActiveCfg = Debug|Any CPU
		{1F64F6F9-7136-8E0C-A1CF-5FF77C249077}.Debug|Any CPU.Build.0 = Debug|Any CPU
		{1F64F6F9-7136-8E0C-A1CF-5FF77C249077}.Release|Any CPU.ActiveCfg = Release|Any CPU
		{1F64F6F9-7136-8E0C-A1CF-5FF77C249077}.Release|Any CPU.Build.0 = Release|Any CPU
		{AAA02C56-B7E1-09AA-0CE1-54CCA4F04786}.Debug|Any CPU.ActiveCfg = Debug|Any CPU
		{AAA02C56-B7E1-09AA-0CE1-54CCA4F04786}.Debug|Any CPU.Build.0 = Debug|Any CPU
		{AAA02C56-B7E1-09AA-0CE1-54CCA4F04786}.Release|Any CPU.ActiveCfg = Release|Any CPU
		{AAA02C56-B7E1-09AA-0CE1-54CCA4F04786}.Release|Any CPU.Build.0 = Release|Any CPU
		{BB5541FE-5F54-5565-AB71-1D53523F6BED}.Debug|Any CPU.ActiveCfg = Debug|Any CPU
		{BB5541FE-5F54-5565-AB71-1D53523F6BED}.Debug|Any CPU.Build.0 = Debug|Any CPU
		{BB5541FE-5F54-5565-AB71-1D53523F6BED}.Release|Any CPU.ActiveCfg = Release|Any CPU
		{BB5541FE-5F54-5565-AB71-1D53523F6BED}.Release|Any CPU.Build.0 = Release|Any CPU
	EndGlobalSection
	GlobalSection(SolutionProperties) = preSolution
		HideSolutionNode = FALSE
	EndGlobalSection
																															GlobalSection(MonoDevelopProperties) = preSolution
		StartupItem = Assembly-CSharp.csproj
		Policies = $0
		$0.TextStylePolicy = $1
		$1.inheritsSet = null
		$1.scope = text/x-csharp
		$0.CSharpFormattingPolicy = $2
		$2.inheritsSet = Mono
		$2.inheritsScope = text/x-csharp
		$2.scope = text/x-csharp
		$0.TextStylePolicy = $3
		$3.FileWidth = 120
		$3.TabWidth = 4
		$3.IndentWidth = 4
		$3.EolMarker = Unix
		$3.inheritsSet = Mono
		$3.inheritsScope = text/plain
		$3.scope = text/plain
	EndGlobalSection

EndGlobal
